
Microsoft Visual Studio Solution File, Format Version 12.00
# Visual Studio Version 16
VisualStudioVersion = 16.0.29123.88
MinimumVisualStudioVersion = 10.0.40219.1
Project("{FAE04EC0-301F-11D3-BF4B-00C04F79EFBC}") = "ExportDXF", "ExportDXF\ExportDXF.csproj", "{05F21D73-FD31-4E77-8D9B-41C86D4D8305}"
EndProject
Project("{FAE04EC0-301F-11D3-BF4B-00C04F79EFBC}") = "EtchBendLines", "EtchBendLines\EtchBendLines\EtchBendLines.csproj", "{229C2FB9-6AD6-4A5D-B83A-D1146573D6F9}"
EndProject
Project("{FAE04EC0-301F-11D3-BF4B-00C04F79EFBC}") = "netDxf", "EtchBendLines\netDxf\netDxf\netDxf.csproj", "{785380E0-CEB9-4C34-82E5-60D0E33E848E}"
EndProject
Global
	GlobalSection(SolutionConfigurationPlatforms) = preSolution
		Debug|Any CPU = Debug|Any CPU
		Release|Any CPU = Release|Any CPU
	EndGlobalSection
	GlobalSection(ProjectConfigurationPlatforms) = postSolution
		{05F21D73-FD31-4E77-8D9B-41C86D4D8305}.Debug|Any CPU.ActiveCfg = Debug|Any CPU
		{05F21D73-FD31-4E77-8D9B-41C86D4D8305}.Debug|Any CPU.Build.0 = Debug|Any CPU
		{05F21D73-FD31-4E77-8D9B-41C86D4D8305}.Release|Any CPU.ActiveCfg = Release|Any CPU
		{05F21D73-FD31-4E77-8D9B-41C86D4D8305}.Release|Any CPU.Build.0 = Release|Any CPU
		{229C2FB9-6AD6-4A5D-B83A-D1146573D6F9}.Debug|Any CPU.ActiveCfg = Debug|Any CPU
		{229C2FB9-6AD6-4A5D-B83A-D1146573D6F9}.Debug|Any CPU.Build.0 = Debug|Any CPU
		{229C2FB9-6AD6-4A5D-B83A-D1146573D6F9}.Release|Any CPU.ActiveCfg = Release|Any CPU
		{229C2FB9-6AD6-4A5D-B83A-D1146573D6F9}.Release|Any CPU.Build.0 = Release|Any CPU
		{785380E0-CEB9-4C34-82E5-60D0E33E848E}.Debug|Any CPU.ActiveCfg = Debug|Any CPU
		{785380E0-CEB9-4C34-82E5-60D0E33E848E}.Debug|Any CPU.Build.0 = Debug|Any CPU
		{785380E0-CEB9-4C34-82E5-60D0E33E848E}.Release|Any CPU.ActiveCfg = Release|Any CPU
		{785380E0-CEB9-4C34-82E5-60D0E33E848E}.Release|Any CPU.Build.0 = Release|Any CPU
	EndGlobalSection
	GlobalSection(SolutionProperties) = preSolution
		HideSolutionNode = FALSE
	EndGlobalSection
	GlobalSection(ExtensibilityGlobals) = postSolution
		SolutionGuid = {4EF8ADDD-D992-4DED-BB58-F4DC0F53A4A3}
	EndGlobalSection
EndGlobal
